
Microsoft Visual Studio Solution File, Format Version 12.00
# Visual Studio Version 16
VisualStudioVersion = 16.0.29509.3
MinimumVisualStudioVersion = 10.0.40219.1
Project("{9A19103F-16F7-4668-BE54-9A1E7A4F7556}") = "HelloCoreApp", "HelloCoreApp\HelloCoreApp.csproj", "{DDA5053D-5B35-4D8F-9013-83293EBBB890}"
EndProject
Global
	GlobalSection(SolutionConfigurationPlatforms) = preSolution
		Debug|Any CPU = Debug|Any CPU
		Release|Any CPU = Release|Any CPU
	EndGlobalSection
	GlobalSection(ProjectConfigurationPlatforms) = postSolution
		{DDA5053D-5B35-4D8F-9013-83293EBBB890}.Debug|Any CPU.ActiveCfg = Debug|Any CPU
		{DDA5053D-5B35-4D8F-9013-83293EBBB890}.Debug|Any CPU.Build.0 = Debug|Any CPU
		{DDA5053D-5B35-4D8F-9013-83293EBBB890}.Release|Any CPU.ActiveCfg = Release|Any CPU
		{DDA5053D-5B35-4D8F-9013-83293EBBB890}.Release|Any CPU.Build.0 = Release|Any CPU
	EndGlobalSection
	GlobalSection(SolutionProperties) = preSolution
		HideSolutionNode = FALSE
	EndGlobalSection
	GlobalSection(ExtensibilityGlobals) = postSolution
		SolutionGuid = {78EFE327-C931-422C-B488-605612E094F0}
	EndGlobalSection
EndGlobal
